
Microsoft Visual Studio Solution File, Format Version 12.00
# Visual Studio 15
VisualStudioVersion = 15.0.28307.572
MinimumVisualStudioVersion = 10.0.40219.1
Project("{151D2E53-A2C4-4D7D-83FE-D05416EBD58E}") = "rg-prd-nsg-hub-1", "rg-prd-nsg-hub-1\rg-prd-nsg-hub-1.deployproj", "{974A2A7B-8FE3-479D-9BFB-890AA154DEC4}"
EndProject
Project("{151D2E53-A2C4-4D7D-83FE-D05416EBD58E}") = "rg-prd-nsg-apps-1", "rg-prd-nsg-apps-1\rg-prd-nsg-apps-1.deployproj", "{F59A0122-1A53-4E96-A35E-4B4A46BCAE97}"
EndProject
Project("{151D2E53-A2C4-4D7D-83FE-D05416EBD58E}") = "rg-pre-nsg-apps-1", "rg-pre-nsg-apps-1\rg-pre-nsg-apps-1.deployproj", "{A39E89AF-9FC0-42C1-A83D-63788E219691}"
EndProject
Global
	GlobalSection(SolutionConfigurationPlatforms) = preSolution
		Debug|Any CPU = Debug|Any CPU
		Release|Any CPU = Release|Any CPU
	EndGlobalSection
	GlobalSection(ProjectConfigurationPlatforms) = postSolution
		{974A2A7B-8FE3-479D-9BFB-890AA154DEC4}.Debug|Any CPU.ActiveCfg = Debug|Any CPU
		{974A2A7B-8FE3-479D-9BFB-890AA154DEC4}.Debug|Any CPU.Build.0 = Debug|Any CPU
		{974A2A7B-8FE3-479D-9BFB-890AA154DEC4}.Release|Any CPU.ActiveCfg = Release|Any CPU
		{974A2A7B-8FE3-479D-9BFB-890AA154DEC4}.Release|Any CPU.Build.0 = Release|Any CPU
		{F59A0122-1A53-4E96-A35E-4B4A46BCAE97}.Debug|Any CPU.ActiveCfg = Debug|Any CPU
		{F59A0122-1A53-4E96-A35E-4B4A46BCAE97}.Debug|Any CPU.Build.0 = Debug|Any CPU
		{F59A0122-1A53-4E96-A35E-4B4A46BCAE97}.Release|Any CPU.ActiveCfg = Release|Any CPU
		{F59A0122-1A53-4E96-A35E-4B4A46BCAE97}.Release|Any CPU.Build.0 = Release|Any CPU
		{A39E89AF-9FC0-42C1-A83D-63788E219691}.Debug|Any CPU.ActiveCfg = Debug|Any CPU
		{A39E89AF-9FC0-42C1-A83D-63788E219691}.Debug|Any CPU.Build.0 = Debug|Any CPU
		{A39E89AF-9FC0-42C1-A83D-63788E219691}.Release|Any CPU.ActiveCfg = Release|Any CPU
		{A39E89AF-9FC0-42C1-A83D-63788E219691}.Release|Any CPU.Build.0 = Release|Any CPU
	EndGlobalSection
	GlobalSection(SolutionProperties) = preSolution
		HideSolutionNode = FALSE
	EndGlobalSection
	GlobalSection(ExtensibilityGlobals) = postSolution
		SolutionGuid = {95C72E6F-C391-4626-940F-D9B27EA7A349}
	EndGlobalSection
EndGlobal
